
Microsoft Visual Studio Solution File, Format Version 12.00
# Visual Studio Version 17
VisualStudioVersion = 17.0.31903.59
MinimumVisualStudioVersion = 10.0.40219.1
Project("{FAE04EC0-301F-11D3-BF4B-00C04F79EFBC}") = "Infra", "1-Infra\Infra.csproj", "{44C42DD5-4167-4DCB-94BD-2738EFB437BD}"
EndProject
Project("{2150E333-8FDC-42A3-9474-1A3956D46DE8}") = "1-UI", "1-UI", "{79CC34C8-24ED-45E1-A979-D1C8DF9D5C59}"
EndProject
Project("{FAE04EC0-301F-11D3-BF4B-00C04F79EFBC}") = "Api", "1-UI\Api\Api.csproj", "{45BC9797-F547-4089-8501-FD91C6DC2564}"
EndProject
Project("{FAE04EC0-301F-11D3-BF4B-00C04F79EFBC}") = "UseCases", "2-UseCases\UseCases.csproj", "{947A42A9-05C0-4F00-8B9E-37954C8B5F3A}"
EndProject
Project("{FAE04EC0-301F-11D3-BF4B-00C04F79EFBC}") = "Domain", "3-Domain\Domain.csproj", "{DD0AC8E6-1779-47BA-A65E-B34C24041109}"
EndProject
Project("{FAE04EC0-301F-11D3-BF4B-00C04F79EFBC}") = "IoC", "1-IoC\IoC.csproj", "{B63F7522-3517-4602-841F-A156F0E8845C}"
EndProject
Global
	GlobalSection(SolutionConfigurationPlatforms) = preSolution
		Debug|Any CPU = Debug|Any CPU
		Release|Any CPU = Release|Any CPU
	EndGlobalSection
	GlobalSection(SolutionProperties) = preSolution
		HideSolutionNode = FALSE
	EndGlobalSection
	GlobalSection(ProjectConfigurationPlatforms) = postSolution
		{44C42DD5-4167-4DCB-94BD-2738EFB437BD}.Debug|Any CPU.ActiveCfg = Debug|Any CPU
		{44C42DD5-4167-4DCB-94BD-2738EFB437BD}.Debug|Any CPU.Build.0 = Debug|Any CPU
		{44C42DD5-4167-4DCB-94BD-2738EFB437BD}.Release|Any CPU.ActiveCfg = Release|Any CPU
		{44C42DD5-4167-4DCB-94BD-2738EFB437BD}.Release|Any CPU.Build.0 = Release|Any CPU
		{45BC9797-F547-4089-8501-FD91C6DC2564}.Debug|Any CPU.ActiveCfg = Debug|Any CPU
		{45BC9797-F547-4089-8501-FD91C6DC2564}.Debug|Any CPU.Build.0 = Debug|Any CPU
		{45BC9797-F547-4089-8501-FD91C6DC2564}.Release|Any CPU.ActiveCfg = Release|Any CPU
		{45BC9797-F547-4089-8501-FD91C6DC2564}.Release|Any CPU.Build.0 = Release|Any CPU
		{947A42A9-05C0-4F00-8B9E-37954C8B5F3A}.Debug|Any CPU.ActiveCfg = Debug|Any CPU
		{947A42A9-05C0-4F00-8B9E-37954C8B5F3A}.Debug|Any CPU.Build.0 = Debug|Any CPU
		{947A42A9-05C0-4F00-8B9E-37954C8B5F3A}.Release|Any CPU.ActiveCfg = Release|Any CPU
		{947A42A9-05C0-4F00-8B9E-37954C8B5F3A}.Release|Any CPU.Build.0 = Release|Any CPU
		{DD0AC8E6-1779-47BA-A65E-B34C24041109}.Debug|Any CPU.ActiveCfg = Debug|Any CPU
		{DD0AC8E6-1779-47BA-A65E-B34C24041109}.Debug|Any CPU.Build.0 = Debug|Any CPU
		{DD0AC8E6-1779-47BA-A65E-B34C24041109}.Release|Any CPU.ActiveCfg = Release|Any CPU
		{DD0AC8E6-1779-47BA-A65E-B34C24041109}.Release|Any CPU.Build.0 = Release|Any CPU
		{B63F7522-3517-4602-841F-A156F0E8845C}.Debug|Any CPU.ActiveCfg = Debug|Any CPU
		{B63F7522-3517-4602-841F-A156F0E8845C}.Debug|Any CPU.Build.0 = Debug|Any CPU
		{B63F7522-3517-4602-841F-A156F0E8845C}.Release|Any CPU.ActiveCfg = Release|Any CPU
		{B63F7522-3517-4602-841F-A156F0E8845C}.Release|Any CPU.Build.0 = Release|Any CPU
	EndGlobalSection
	GlobalSection(NestedProjects) = preSolution
		{45BC9797-F547-4089-8501-FD91C6DC2564} = {79CC34C8-24ED-45E1-A979-D1C8DF9D5C59}
	EndGlobalSection
EndGlobal
