
Microsoft Visual Studio Solution File, Format Version 12.00
# Visual Studio Version 17
VisualStudioVersion = 17.0.31903.59
MinimumVisualStudioVersion = 10.0.40219.1
Project("{9A19103F-16F7-4668-BE54-9A1E7A4F7556}") = "PetLand.Server", "PetLand\Server\PetLand.Server.csproj", "{4A462C2A-4F21-4D2D-9F3D-91CA9E25DE20}"
EndProject
Project("{9A19103F-16F7-4668-BE54-9A1E7A4F7556}") = "PetLand.Client", "PetLand\Client\PetLand.Client.csproj", "{7F63B4BE-4194-4D24-A4F9-F9190E80689B}"
EndProject
Project("{2150E333-8FDC-42A3-9474-1A3956D46DE8}") = "1.-Enterprise Business Rules", "1.-Enterprise Business Rules", "{532A872F-D1C5-4C2B-B117-255588F839BD}"
EndProject
Project("{2150E333-8FDC-42A3-9474-1A3956D46DE8}") = "2. Application Business Rules", "2. Application Business Rules", "{5F0D0E82-E62F-4952-BC37-5A7640696D26}"
EndProject
Project("{2150E333-8FDC-42A3-9474-1A3956D46DE8}") = "3. Interface Adapters", "3. Interface Adapters", "{8C9014F6-68B0-4F9F-8464-ABDDE83382AB}"
EndProject
Project("{2150E333-8FDC-42A3-9474-1A3956D46DE8}") = "4. Frameworks And Drivers", "4. Frameworks And Drivers", "{79B2965C-876E-46D8-8E8F-AB5ED306D6B6}"
EndProject
Project("{9A19103F-16F7-4668-BE54-9A1E7A4F7556}") = "PetLand.App.Entities", "PetLand.Entities\PetLand.App.Entities.csproj", "{C61E43C3-365C-4CDE-8E6C-450FDDF931F8}"
EndProject
Project("{9A19103F-16F7-4668-BE54-9A1E7A4F7556}") = "PetLand.App.BusinessObjects", "PetLand.BusinessObjects\PetLand.App.BusinessObjects.csproj", "{933A7630-33CD-4D3B-B2BC-E629FF86C172}"
EndProject
Project("{9A19103F-16F7-4668-BE54-9A1E7A4F7556}") = "PetLand.App.UseCases", "PetLand.UseCases\PetLand.App.UseCases.csproj", "{ABE6D61C-4982-442B-8BD5-4FCAF04C8943}"
EndProject
Project("{9A19103F-16F7-4668-BE54-9A1E7A4F7556}") = "PetLand.App.Validators", "PetLand.Validators\PetLand.App.Validators.csproj", "{004B1169-BD3E-42D6-80B3-29D4C0B92EA4}"
EndProject
Project("{2150E333-8FDC-42A3-9474-1A3956D46DE8}") = "Controllers", "Controllers", "{77ABD024-AD2F-4CC7-9F04-B1A802C54E2B}"
EndProject
Project("{2150E333-8FDC-42A3-9474-1A3956D46DE8}") = "Presenters", "Presenters", "{7DECE1EA-F8EC-4969-98A5-01B3965A5206}"
EndProject
Project("{9A19103F-16F7-4668-BE54-9A1E7A4F7556}") = "PetLand.App.Controllers", "PetLand.App.Controllers\PetLand.App.Controllers.csproj", "{71009774-FB79-4ED6-8D37-02ECCDF88E72}"
EndProject
Project("{9A19103F-16F7-4668-BE54-9A1E7A4F7556}") = "PetLand.App.Presenters", "PetLand.App.Presenters\PetLand.App.Presenters.csproj", "{D8FDEA50-C89C-4C92-B9D9-2DDFA83AD871}"
EndProject
Project("{2150E333-8FDC-42A3-9474-1A3956D46DE8}") = "Gateways", "Gateways", "{FB9EF525-DADF-40DF-B931-DA1898892B64}"
EndProject
Project("{9A19103F-16F7-4668-BE54-9A1E7A4F7556}") = "PetLand.App.IoC", "PetLand.App.IoC\PetLand.App.IoC.csproj", "{66FBBB6C-29CA-4DAC-B7F7-385B99FB94AC}"
EndProject
Project("{2150E333-8FDC-42A3-9474-1A3956D46DE8}") = "Repositories", "Repositories", "{C2E2A0F9-3D97-451B-B535-708955C9C38B}"
EndProject
Project("{9A19103F-16F7-4668-BE54-9A1E7A4F7556}") = "PetLand.App.EfCore.Repositories", "PetLand.App.EfCore.Repositories\PetLand.App.EfCore.Repositories.csproj", "{54230995-523D-4E8D-8C45-2EA43587F60A}"
EndProject
Project("{2150E333-8FDC-42A3-9474-1A3956D46DE8}") = "UserInterfaces", "UserInterfaces", "{00AC7401-3788-4590-8A43-9F1FC7AE5DDA}"
EndProject
Global
	GlobalSection(SolutionConfigurationPlatforms) = preSolution
		Debug|Any CPU = Debug|Any CPU
		Release|Any CPU = Release|Any CPU
	EndGlobalSection
	GlobalSection(ProjectConfigurationPlatforms) = postSolution
		{4A462C2A-4F21-4D2D-9F3D-91CA9E25DE20}.Debug|Any CPU.ActiveCfg = Debug|Any CPU
		{4A462C2A-4F21-4D2D-9F3D-91CA9E25DE20}.Debug|Any CPU.Build.0 = Debug|Any CPU
		{4A462C2A-4F21-4D2D-9F3D-91CA9E25DE20}.Release|Any CPU.ActiveCfg = Release|Any CPU
		{4A462C2A-4F21-4D2D-9F3D-91CA9E25DE20}.Release|Any CPU.Build.0 = Release|Any CPU
		{7F63B4BE-4194-4D24-A4F9-F9190E80689B}.Debug|Any CPU.ActiveCfg = Debug|Any CPU
		{7F63B4BE-4194-4D24-A4F9-F9190E80689B}.Debug|Any CPU.Build.0 = Debug|Any CPU
		{7F63B4BE-4194-4D24-A4F9-F9190E80689B}.Release|Any CPU.ActiveCfg = Release|Any CPU
		{7F63B4BE-4194-4D24-A4F9-F9190E80689B}.Release|Any CPU.Build.0 = Release|Any CPU
		{C61E43C3-365C-4CDE-8E6C-450FDDF931F8}.Debug|Any CPU.ActiveCfg = Debug|Any CPU
		{C61E43C3-365C-4CDE-8E6C-450FDDF931F8}.Debug|Any CPU.Build.0 = Debug|Any CPU
		{C61E43C3-365C-4CDE-8E6C-450FDDF931F8}.Release|Any CPU.ActiveCfg = Release|Any CPU
		{C61E43C3-365C-4CDE-8E6C-450FDDF931F8}.Release|Any CPU.Build.0 = Release|Any CPU
		{933A7630-33CD-4D3B-B2BC-E629FF86C172}.Debug|Any CPU.ActiveCfg = Debug|Any CPU
		{933A7630-33CD-4D3B-B2BC-E629FF86C172}.Debug|Any CPU.Build.0 = Debug|Any CPU
		{933A7630-33CD-4D3B-B2BC-E629FF86C172}.Release|Any CPU.ActiveCfg = Release|Any CPU
		{933A7630-33CD-4D3B-B2BC-E629FF86C172}.Release|Any CPU.Build.0 = Release|Any CPU
		{ABE6D61C-4982-442B-8BD5-4FCAF04C8943}.Debug|Any CPU.ActiveCfg = Debug|Any CPU
		{ABE6D61C-4982-442B-8BD5-4FCAF04C8943}.Debug|Any CPU.Build.0 = Debug|Any CPU
		{ABE6D61C-4982-442B-8BD5-4FCAF04C8943}.Release|Any CPU.ActiveCfg = Release|Any CPU
		{ABE6D61C-4982-442B-8BD5-4FCAF04C8943}.Release|Any CPU.Build.0 = Release|Any CPU
		{004B1169-BD3E-42D6-80B3-29D4C0B92EA4}.Debug|Any CPU.ActiveCfg = Debug|Any CPU
		{004B1169-BD3E-42D6-80B3-29D4C0B92EA4}.Debug|Any CPU.Build.0 = Debug|Any CPU
		{004B1169-BD3E-42D6-80B3-29D4C0B92EA4}.Release|Any CPU.ActiveCfg = Release|Any CPU
		{004B1169-BD3E-42D6-80B3-29D4C0B92EA4}.Release|Any CPU.Build.0 = Release|Any CPU
		{71009774-FB79-4ED6-8D37-02ECCDF88E72}.Debug|Any CPU.ActiveCfg = Debug|Any CPU
		{71009774-FB79-4ED6-8D37-02ECCDF88E72}.Debug|Any CPU.Build.0 = Debug|Any CPU
		{71009774-FB79-4ED6-8D37-02ECCDF88E72}.Release|Any CPU.ActiveCfg = Release|Any CPU
		{71009774-FB79-4ED6-8D37-02ECCDF88E72}.Release|Any CPU.Build.0 = Release|Any CPU
		{D8FDEA50-C89C-4C92-B9D9-2DDFA83AD871}.Debug|Any CPU.ActiveCfg = Debug|Any CPU
		{D8FDEA50-C89C-4C92-B9D9-2DDFA83AD871}.Debug|Any CPU.Build.0 = Debug|Any CPU
		{D8FDEA50-C89C-4C92-B9D9-2DDFA83AD871}.Release|Any CPU.ActiveCfg = Release|Any CPU
		{D8FDEA50-C89C-4C92-B9D9-2DDFA83AD871}.Release|Any CPU.Build.0 = Release|Any CPU
		{66FBBB6C-29CA-4DAC-B7F7-385B99FB94AC}.Debug|Any CPU.ActiveCfg = Debug|Any CPU
		{66FBBB6C-29CA-4DAC-B7F7-385B99FB94AC}.Debug|Any CPU.Build.0 = Debug|Any CPU
		{66FBBB6C-29CA-4DAC-B7F7-385B99FB94AC}.Release|Any CPU.ActiveCfg = Release|Any CPU
		{66FBBB6C-29CA-4DAC-B7F7-385B99FB94AC}.Release|Any CPU.Build.0 = Release|Any CPU
		{54230995-523D-4E8D-8C45-2EA43587F60A}.Debug|Any CPU.ActiveCfg = Debug|Any CPU
		{54230995-523D-4E8D-8C45-2EA43587F60A}.Debug|Any CPU.Build.0 = Debug|Any CPU
		{54230995-523D-4E8D-8C45-2EA43587F60A}.Release|Any CPU.ActiveCfg = Release|Any CPU
		{54230995-523D-4E8D-8C45-2EA43587F60A}.Release|Any CPU.Build.0 = Release|Any CPU
	EndGlobalSection
	GlobalSection(SolutionProperties) = preSolution
		HideSolutionNode = FALSE
	EndGlobalSection
	GlobalSection(NestedProjects) = preSolution
		{4A462C2A-4F21-4D2D-9F3D-91CA9E25DE20} = {00AC7401-3788-4590-8A43-9F1FC7AE5DDA}
		{7F63B4BE-4194-4D24-A4F9-F9190E80689B} = {00AC7401-3788-4590-8A43-9F1FC7AE5DDA}
		{C61E43C3-365C-4CDE-8E6C-450FDDF931F8} = {532A872F-D1C5-4C2B-B117-255588F839BD}
		{933A7630-33CD-4D3B-B2BC-E629FF86C172} = {5F0D0E82-E62F-4952-BC37-5A7640696D26}
		{ABE6D61C-4982-442B-8BD5-4FCAF04C8943} = {5F0D0E82-E62F-4952-BC37-5A7640696D26}
		{004B1169-BD3E-42D6-80B3-29D4C0B92EA4} = {5F0D0E82-E62F-4952-BC37-5A7640696D26}
		{77ABD024-AD2F-4CC7-9F04-B1A802C54E2B} = {8C9014F6-68B0-4F9F-8464-ABDDE83382AB}
		{7DECE1EA-F8EC-4969-98A5-01B3965A5206} = {8C9014F6-68B0-4F9F-8464-ABDDE83382AB}
		{71009774-FB79-4ED6-8D37-02ECCDF88E72} = {77ABD024-AD2F-4CC7-9F04-B1A802C54E2B}
		{D8FDEA50-C89C-4C92-B9D9-2DDFA83AD871} = {7DECE1EA-F8EC-4969-98A5-01B3965A5206}
		{FB9EF525-DADF-40DF-B931-DA1898892B64} = {8C9014F6-68B0-4F9F-8464-ABDDE83382AB}
		{66FBBB6C-29CA-4DAC-B7F7-385B99FB94AC} = {8C9014F6-68B0-4F9F-8464-ABDDE83382AB}
		{C2E2A0F9-3D97-451B-B535-708955C9C38B} = {FB9EF525-DADF-40DF-B931-DA1898892B64}
		{54230995-523D-4E8D-8C45-2EA43587F60A} = {C2E2A0F9-3D97-451B-B535-708955C9C38B}
		{00AC7401-3788-4590-8A43-9F1FC7AE5DDA} = {79B2965C-876E-46D8-8E8F-AB5ED306D6B6}
	EndGlobalSection
	GlobalSection(ExtensibilityGlobals) = postSolution
		SolutionGuid = {68EC35BA-C27D-4498-8E1E-C0B6BEA26A40}
	EndGlobalSection
EndGlobal
