
Microsoft Visual Studio Solution File, Format Version 12.00
# Visual Studio Version 17
VisualStudioVersion = 17.0.31903.59
MinimumVisualStudioVersion = 10.0.40219.1
Project("{2150E333-8FDC-42A3-9474-1A3956D46DE8}") = "1-FrameworksAndDrivers", "1-FrameworksAndDrivers", "{FD397F48-696C-4293-8799-390910A8A0C1}"
EndProject
Project("{2150E333-8FDC-42A3-9474-1A3956D46DE8}") = "UI", "UI", "{5CB5B4AB-34B5-46E4-92D6-5459EA150B2E}"
EndProject
Project("{FAE04EC0-301F-11D3-BF4B-00C04F79EFBC}") = "PetLand.API", "1-FrameworksAndDrivers\UI\PetLand.API\PetLand.API.csproj", "{6D253AE5-E9B9-448E-AD9A-89A8BE56C83E}"
EndProject
Project("{2150E333-8FDC-42A3-9474-1A3956D46DE8}") = "2-InterfaceAdapters", "2-InterfaceAdapters", "{6EED1851-B365-4ED7-A0E0-51F7A493B484}"
EndProject
Project("{2150E333-8FDC-42A3-9474-1A3956D46DE8}") = "Controllers", "Controllers", "{E137CABC-4330-425D-81E4-5B36EC43287F}"
EndProject
Project("{FAE04EC0-301F-11D3-BF4B-00C04F79EFBC}") = "PetLand.Controllers", "2-InterfaceAdapters\Controllers\PetLand.Controllers\PetLand.Controllers.csproj", "{29085F1A-4048-4E4B-87A4-05CA16CD37D1}"
EndProject
Project("{2150E333-8FDC-42A3-9474-1A3956D46DE8}") = "Gateways", "Gateways", "{8A502444-8E57-449A-B6C2-C0B049B631CF}"
EndProject
Project("{FAE04EC0-301F-11D3-BF4B-00C04F79EFBC}") = "PetLand.IoC", "2-InterfaceAdapters\Gateways\PetLand.IoC\PetLand.IoC.csproj", "{0CB47D42-4939-48EA-8A0B-485A20E5EBCD}"
EndProject
Project("{FAE04EC0-301F-11D3-BF4B-00C04F79EFBC}") = "PetLand.RepositoryEFCore", "2-InterfaceAdapters\Gateways\PetLand.RepositoryEFCore\PetLand.RepositoryEFCore.csproj", "{41D24AA1-1F9E-4E74-9C08-AEDF100513EA}"
EndProject
Project("{2150E333-8FDC-42A3-9474-1A3956D46DE8}") = "Presenters", "Presenters", "{816F8E94-2AA9-491D-B71D-17D64328FA72}"
EndProject
Project("{FAE04EC0-301F-11D3-BF4B-00C04F79EFBC}") = "PetLand.Presenters", "2-InterfaceAdapters\Presenters\PetLand.Presenters\PetLand.Presenters.csproj", "{DBA7021E-575E-44AA-8FC9-608434838CF6}"
EndProject
Project("{2150E333-8FDC-42A3-9474-1A3956D46DE8}") = "3-ApplicationBusinessRules", "3-ApplicationBusinessRules", "{30C6D8D3-C04A-4247-BA17-1E3A22C06930}"
EndProject
Project("{FAE04EC0-301F-11D3-BF4B-00C04F79EFBC}") = "PetLand.DTO", "3-ApplicationBusinessRules\PetLand.DTO\PetLand.DTO.csproj", "{138E0D95-0511-49D9-BA7F-7BE23064B079}"
EndProject
Project("{FAE04EC0-301F-11D3-BF4B-00C04F79EFBC}") = "PetLand.UseCasePorts", "3-ApplicationBusinessRules\PetLand.UseCasePorts\PetLand.UseCasePorts.csproj", "{BF8C0913-5AF8-49C7-AF6D-0FEFE1F8200A}"
EndProject
Project("{FAE04EC0-301F-11D3-BF4B-00C04F79EFBC}") = "PetLand.UseCases", "3-ApplicationBusinessRules\PetLand.UseCases\PetLand.UseCases.csproj", "{F3586B57-6732-41A4-A1CE-F4FF603C4651}"
EndProject
Project("{2150E333-8FDC-42A3-9474-1A3956D46DE8}") = "4-EnterpriseBusinessRules", "4-EnterpriseBusinessRules", "{E3F362B0-9BEC-4CF8-83F9-984782315BDD}"
EndProject
Project("{FAE04EC0-301F-11D3-BF4B-00C04F79EFBC}") = "PetLand.Entities.", "4-EnterpriseBusinessRules\PetLand.Entities.\PetLand.Entities..csproj", "{D24CB7F8-766C-4AE8-A051-C91BEFD4283F}"
EndProject
Global
	GlobalSection(SolutionConfigurationPlatforms) = preSolution
		Debug|Any CPU = Debug|Any CPU
		Release|Any CPU = Release|Any CPU
	EndGlobalSection
	GlobalSection(SolutionProperties) = preSolution
		HideSolutionNode = FALSE
	EndGlobalSection
	GlobalSection(ProjectConfigurationPlatforms) = postSolution
		{6D253AE5-E9B9-448E-AD9A-89A8BE56C83E}.Debug|Any CPU.ActiveCfg = Debug|Any CPU
		{6D253AE5-E9B9-448E-AD9A-89A8BE56C83E}.Debug|Any CPU.Build.0 = Debug|Any CPU
		{6D253AE5-E9B9-448E-AD9A-89A8BE56C83E}.Release|Any CPU.ActiveCfg = Release|Any CPU
		{6D253AE5-E9B9-448E-AD9A-89A8BE56C83E}.Release|Any CPU.Build.0 = Release|Any CPU
		{29085F1A-4048-4E4B-87A4-05CA16CD37D1}.Debug|Any CPU.ActiveCfg = Debug|Any CPU
		{29085F1A-4048-4E4B-87A4-05CA16CD37D1}.Debug|Any CPU.Build.0 = Debug|Any CPU
		{29085F1A-4048-4E4B-87A4-05CA16CD37D1}.Release|Any CPU.ActiveCfg = Release|Any CPU
		{29085F1A-4048-4E4B-87A4-05CA16CD37D1}.Release|Any CPU.Build.0 = Release|Any CPU
		{0CB47D42-4939-48EA-8A0B-485A20E5EBCD}.Debug|Any CPU.ActiveCfg = Debug|Any CPU
		{0CB47D42-4939-48EA-8A0B-485A20E5EBCD}.Debug|Any CPU.Build.0 = Debug|Any CPU
		{0CB47D42-4939-48EA-8A0B-485A20E5EBCD}.Release|Any CPU.ActiveCfg = Release|Any CPU
		{0CB47D42-4939-48EA-8A0B-485A20E5EBCD}.Release|Any CPU.Build.0 = Release|Any CPU
		{41D24AA1-1F9E-4E74-9C08-AEDF100513EA}.Debug|Any CPU.ActiveCfg = Debug|Any CPU
		{41D24AA1-1F9E-4E74-9C08-AEDF100513EA}.Debug|Any CPU.Build.0 = Debug|Any CPU
		{41D24AA1-1F9E-4E74-9C08-AEDF100513EA}.Release|Any CPU.ActiveCfg = Release|Any CPU
		{41D24AA1-1F9E-4E74-9C08-AEDF100513EA}.Release|Any CPU.Build.0 = Release|Any CPU
		{DBA7021E-575E-44AA-8FC9-608434838CF6}.Debug|Any CPU.ActiveCfg = Debug|Any CPU
		{DBA7021E-575E-44AA-8FC9-608434838CF6}.Debug|Any CPU.Build.0 = Debug|Any CPU
		{DBA7021E-575E-44AA-8FC9-608434838CF6}.Release|Any CPU.ActiveCfg = Release|Any CPU
		{DBA7021E-575E-44AA-8FC9-608434838CF6}.Release|Any CPU.Build.0 = Release|Any CPU
		{138E0D95-0511-49D9-BA7F-7BE23064B079}.Debug|Any CPU.ActiveCfg = Debug|Any CPU
		{138E0D95-0511-49D9-BA7F-7BE23064B079}.Debug|Any CPU.Build.0 = Debug|Any CPU
		{138E0D95-0511-49D9-BA7F-7BE23064B079}.Release|Any CPU.ActiveCfg = Release|Any CPU
		{138E0D95-0511-49D9-BA7F-7BE23064B079}.Release|Any CPU.Build.0 = Release|Any CPU
		{BF8C0913-5AF8-49C7-AF6D-0FEFE1F8200A}.Debug|Any CPU.ActiveCfg = Debug|Any CPU
		{BF8C0913-5AF8-49C7-AF6D-0FEFE1F8200A}.Debug|Any CPU.Build.0 = Debug|Any CPU
		{BF8C0913-5AF8-49C7-AF6D-0FEFE1F8200A}.Release|Any CPU.ActiveCfg = Release|Any CPU
		{BF8C0913-5AF8-49C7-AF6D-0FEFE1F8200A}.Release|Any CPU.Build.0 = Release|Any CPU
		{F3586B57-6732-41A4-A1CE-F4FF603C4651}.Debug|Any CPU.ActiveCfg = Debug|Any CPU
		{F3586B57-6732-41A4-A1CE-F4FF603C4651}.Debug|Any CPU.Build.0 = Debug|Any CPU
		{F3586B57-6732-41A4-A1CE-F4FF603C4651}.Release|Any CPU.ActiveCfg = Release|Any CPU
		{F3586B57-6732-41A4-A1CE-F4FF603C4651}.Release|Any CPU.Build.0 = Release|Any CPU
		{D24CB7F8-766C-4AE8-A051-C91BEFD4283F}.Debug|Any CPU.ActiveCfg = Debug|Any CPU
		{D24CB7F8-766C-4AE8-A051-C91BEFD4283F}.Debug|Any CPU.Build.0 = Debug|Any CPU
		{D24CB7F8-766C-4AE8-A051-C91BEFD4283F}.Release|Any CPU.ActiveCfg = Release|Any CPU
		{D24CB7F8-766C-4AE8-A051-C91BEFD4283F}.Release|Any CPU.Build.0 = Release|Any CPU
	EndGlobalSection
	GlobalSection(NestedProjects) = preSolution
		{5CB5B4AB-34B5-46E4-92D6-5459EA150B2E} = {FD397F48-696C-4293-8799-390910A8A0C1}
		{6D253AE5-E9B9-448E-AD9A-89A8BE56C83E} = {5CB5B4AB-34B5-46E4-92D6-5459EA150B2E}
		{E137CABC-4330-425D-81E4-5B36EC43287F} = {6EED1851-B365-4ED7-A0E0-51F7A493B484}
		{29085F1A-4048-4E4B-87A4-05CA16CD37D1} = {E137CABC-4330-425D-81E4-5B36EC43287F}
		{8A502444-8E57-449A-B6C2-C0B049B631CF} = {6EED1851-B365-4ED7-A0E0-51F7A493B484}
		{0CB47D42-4939-48EA-8A0B-485A20E5EBCD} = {8A502444-8E57-449A-B6C2-C0B049B631CF}
		{41D24AA1-1F9E-4E74-9C08-AEDF100513EA} = {8A502444-8E57-449A-B6C2-C0B049B631CF}
		{816F8E94-2AA9-491D-B71D-17D64328FA72} = {6EED1851-B365-4ED7-A0E0-51F7A493B484}
		{DBA7021E-575E-44AA-8FC9-608434838CF6} = {816F8E94-2AA9-491D-B71D-17D64328FA72}
		{138E0D95-0511-49D9-BA7F-7BE23064B079} = {30C6D8D3-C04A-4247-BA17-1E3A22C06930}
		{BF8C0913-5AF8-49C7-AF6D-0FEFE1F8200A} = {30C6D8D3-C04A-4247-BA17-1E3A22C06930}
		{F3586B57-6732-41A4-A1CE-F4FF603C4651} = {30C6D8D3-C04A-4247-BA17-1E3A22C06930}
		{D24CB7F8-766C-4AE8-A051-C91BEFD4283F} = {E3F362B0-9BEC-4CF8-83F9-984782315BDD}
	EndGlobalSection
EndGlobal
